
Microsoft Visual Studio Solution File, Format Version 12.00
# Visual Studio 2013
VisualStudioVersion = 12.0.21005.1
MinimumVisualStudioVersion = 10.0.40219.1
Project("{FAE04EC0-301F-11D3-BF4B-00C04F79EFBC}") = "Ubs.Excercise", "Ubs.Excercise\Ubs.Excercise.csproj", "{43C4DFBC-7235-49D3-80D8-E7A992A219E3}"
EndProject
Project("{FAE04EC0-301F-11D3-BF4B-00C04F79EFBC}") = "Ubs.Excercise.Test", "Ubs.Excercise.Test\Ubs.Excercise.Test.csproj", "{395F8CAC-8E6E-4B36-8387-282613AFE52A}"
EndProject
Global
	GlobalSection(SolutionConfigurationPlatforms) = preSolution
		Debug|Any CPU = Debug|Any CPU
		Release|Any CPU = Release|Any CPU
	EndGlobalSection
	GlobalSection(ProjectConfigurationPlatforms) = postSolution
		{43C4DFBC-7235-49D3-80D8-E7A992A219E3}.Debug|Any CPU.ActiveCfg = Debug|Any CPU
		{43C4DFBC-7235-49D3-80D8-E7A992A219E3}.Debug|Any CPU.Build.0 = Debug|Any CPU
		{43C4DFBC-7235-49D3-80D8-E7A992A219E3}.Release|Any CPU.ActiveCfg = Release|Any CPU
		{43C4DFBC-7235-49D3-80D8-E7A992A219E3}.Release|Any CPU.Build.0 = Release|Any CPU
		{395F8CAC-8E6E-4B36-8387-282613AFE52A}.Debug|Any CPU.ActiveCfg = Debug|Any CPU
		{395F8CAC-8E6E-4B36-8387-282613AFE52A}.Debug|Any CPU.Build.0 = Debug|Any CPU
		{395F8CAC-8E6E-4B36-8387-282613AFE52A}.Release|Any CPU.ActiveCfg = Release|Any CPU
		{395F8CAC-8E6E-4B36-8387-282613AFE52A}.Release|Any CPU.Build.0 = Release|Any CPU
	EndGlobalSection
	GlobalSection(SolutionProperties) = preSolution
		HideSolutionNode = FALSE
	EndGlobalSection
EndGlobal
